github.com/gethinode/mod-flexsearch v1.12.1 h1:clkGUWaNPe9Dt/66Apy7oH9NwVQfnD6OpGSLffeC9sY=
github.com/gethinode/mod-flexsearch v1.12.1/go.mod h1:L8hrnpupx27cez2ObMX8gWnhbW6qss4HGH1Ea4UaBRQ=
github.com/imfing/hextra v0.11.1 h1:8pTc4ReYbzGTHAnyiebmlT3ijFfIXiGu1r7tM/UGjFI=
github.com/imfing/hextra v0.11.1/go.mod h1:cEfel3lU/bSx7lTE/+uuR4GJaphyOyiwNR3PTqFTXpI=
github.com/mfg92/hugo-shortcode-gallery v1.3.0 h1:7wiUUu7adN3JbcshZfZ+Q0ZLDilPoGkquoor0ZcdJVU=
github.com/mfg92/hugo-shortcode-gallery v1.3.0/go.mod h1:SEdbeBGSMX2lP+4nCqqy9AyTWWktUMWXYnR3r1l01Rw=
github.com/nextapps-de/flexsearch v0.0.0-20250907103239-defb38b083f0 h1:55phPhe6fDjfjG0jX4+br3nLORKgjgx8abZUdI0YJRA=
github.com/nextapps-de/flexsearch v0.0.0-20250907103239-defb38b083f0/go.mod h1:5GdMfPAXzbA2gXBqTjC6l27kioSYzHlqDMh0+wyx7sU=
